{
  "projects": [
    {
      "projectId": "gmeH6XgPaBtkt51HunAo4g",
      "version": "18.14.0",
      "dependencies": {},
      "lang": "ts",
      "fileLocks": [
        {
          "assetId": "gmeH6XgPaBtkt51HunAo4g",
          "type": "projectCss",
          "checksum": "1c02168c6b23256606111fdfdbb63549"
        }
      ],
      "codegenVersion": "0.0.1"
    },
    {
      "projectId": "hvnx4UaRLT5bKWhR7H1S1X",
      "version": "latest",
      "dependencies": {
        "gmeH6XgPaBtkt51HunAo4g": "18.14.0"
      },
      "lang": "ts",
      "fileLocks": [
        {
          "type": "globalVariant",
          "assetId": "TUatpkyEh71C",
          "checksum": "6aa5044c15245597e7d0748c00d39423"
        },
        {
          "type": "renderModule",
          "assetId": "NWikQXDSJpDH",
          "checksum": "4075f5c0e2bff331f38c02416abdf4c8"
        },
        {
          "type": "cssRules",
          "assetId": "NWikQXDSJpDH",
          "checksum": "4075f5c0e2bff331f38c02416abdf4c8"
        },
        {
          "type": "renderModule",
          "assetId": "XJhz53-ESI52",
          "checksum": "d975c468eaeb6c2ad78f0378eaa20352"
        },
        {
          "type": "cssRules",
          "assetId": "XJhz53-ESI52",
          "checksum": "d975c468eaeb6c2ad78f0378eaa20352"
        },
        {
          "type": "renderModule",
          "assetId": "BwL6ZHaAJZRe",
          "checksum": "9f4d17384cdc6f13d6167dbc2d8a2814"
        },
        {
          "type": "cssRules",
          "assetId": "BwL6ZHaAJZRe",
          "checksum": "9f4d17384cdc6f13d6167dbc2d8a2814"
        },
        {
          "type": "renderModule",
          "assetId": "ysDKnOH-1O7Y",
          "checksum": "824f7561880b73e598adda8b26e93f0a"
        },
        {
          "type": "cssRules",
          "assetId": "ysDKnOH-1O7Y",
          "checksum": "824f7561880b73e598adda8b26e93f0a"
        },
        {
          "type": "renderModule",
          "assetId": "bU66GMCZcccC",
          "checksum": "6355c50e215f2828045baa63cd83b3df"
        },
        {
          "type": "cssRules",
          "assetId": "bU66GMCZcccC",
          "checksum": "6355c50e215f2828045baa63cd83b3df"
        },
        {
          "type": "renderModule",
          "assetId": "RyGCztqFJq1Y",
          "checksum": "5a328e9c253821bc4aad3246b4410153"
        },
        {
          "type": "cssRules",
          "assetId": "RyGCztqFJq1Y",
          "checksum": "5a328e9c253821bc4aad3246b4410153"
        },
        {
          "type": "renderModule",
          "assetId": "bZa85eOwTpAI",
          "checksum": "9742508db8bb49dd04ae40661b345ba3"
        },
        {
          "type": "cssRules",
          "assetId": "bZa85eOwTpAI",
          "checksum": "9742508db8bb49dd04ae40661b345ba3"
        },
        {
          "type": "renderModule",
          "assetId": "4HarEn2m8J0n",
          "checksum": "8f391fc6b4ab7919796052c6138732d6"
        },
        {
          "type": "cssRules",
          "assetId": "4HarEn2m8J0n",
          "checksum": "8f391fc6b4ab7919796052c6138732d6"
        },
        {
          "type": "renderModule",
          "assetId": "fjwImTvMU27o",
          "checksum": "a1848c10110baf6583b67b1f297416e3"
        },
        {
          "type": "cssRules",
          "assetId": "fjwImTvMU27o",
          "checksum": "a1848c10110baf6583b67b1f297416e3"
        },
        {
          "type": "renderModule",
          "assetId": "JPjHh0Ym_f5I",
          "checksum": "d72b1b29663b63a5d982301de6caa6f7"
        },
        {
          "type": "cssRules",
          "assetId": "JPjHh0Ym_f5I",
          "checksum": "d72b1b29663b63a5d982301de6caa6f7"
        },
        {
          "type": "renderModule",
          "assetId": "ifGm70vZk4tf",
          "checksum": "cdb40407239c7e98ef900e972059f5ec"
        },
        {
          "type": "cssRules",
          "assetId": "ifGm70vZk4tf",
          "checksum": "cdb40407239c7e98ef900e972059f5ec"
        },
        {
          "type": "icon",
          "assetId": "0ookkt2IOGE1",
          "checksum": "2cc1caeae712dca43a684c2de2070065"
        },
        {
          "type": "icon",
          "assetId": "U2525kXgckfp",
          "checksum": "bfde955b95e1e5d4a814a2771c2d06d7"
        },
        {
          "type": "icon",
          "assetId": "2GyUPxerk-wC",
          "checksum": "29869d0c3f62fdfed3b21038abcd4c6e"
        },
        {
          "type": "icon",
          "assetId": "NSSrXwfyvw71",
          "checksum": "447e4852b3745f037d417cc8d21c5b8a"
        },
        {
          "type": "icon",
          "assetId": "VALQMCD_ZkI3",
          "checksum": "7d037f0b436079735d938e730c6d3f70"
        },
        {
          "type": "icon",
          "assetId": "IhcXsguw_IVP",
          "checksum": "fbf35b4bb5553cc73e9487b71f74d766"
        },
        {
          "type": "icon",
          "assetId": "VEib8r5KKrC1",
          "checksum": "3f8964add80c98473ef8b164ef2f4dbf"
        },
        {
          "type": "icon",
          "assetId": "EFwSOmiw9tNY",
          "checksum": "6d0d79bdb8962eb4c6973d8f2c484404"
        },
        {
          "type": "icon",
          "assetId": "EouegMbSvq1H",
          "checksum": "a4676be44839f23dc52fdc9e42a276d6"
        },
        {
          "type": "icon",
          "assetId": "AIpMzHuRtvey",
          "checksum": "f630e2c56d9f13f7872970680170d80f"
        },
        {
          "type": "icon",
          "assetId": "tCEaXGcEydsM",
          "checksum": "597a799150cd4654c788efad1e8f7e49"
        },
        {
          "type": "image",
          "assetId": "CScd0cxSwBIS",
          "checksum": "0da2d5bbcdb0010df5ecad010a3fb777"
        },
        {
          "type": "image",
          "assetId": "FN37S7HUx-HD",
          "checksum": "9171f11c6f20ca309b8713ca43ad6f9e"
        },
        {
          "type": "image",
          "assetId": "lm4W-Pr090Cw",
          "checksum": "510698de01ac0cf8d2f12896b66e8959"
        },
        {
          "type": "image",
          "assetId": "mK_uEtPtzrhy",
          "checksum": "1861a6dacb3f52931254b546dc62fd0e"
        },
        {
          "type": "image",
          "assetId": "F_OjeOIzfoOl",
          "checksum": "f17e507dd95019e94099d3802aba2497"
        },
        {
          "type": "image",
          "assetId": "tkH_RhBwb9iw",
          "checksum": "56fd27ffda0a41ac3ed566f4f5ba636d"
        },
        {
          "type": "image",
          "assetId": "Nf4_sJvM5-9u",
          "checksum": "901ccaf3679174440afbbf153669aaf5"
        },
        {
          "type": "image",
          "assetId": "hFcvGMbUnx67",
          "checksum": "e17d311b01774e7ec356b1c0cc8d57f8"
        },
        {
          "type": "image",
          "assetId": "i_bwKlSG5smn",
          "checksum": "fe34a89ed8974c8a82e75ffe959bb584"
        },
        {
          "type": "image",
          "assetId": "yTniN-y2IJ3p",
          "checksum": "1d384902a2cedf543a1e342f8760f6dd"
        },
        {
          "type": "image",
          "assetId": "rHhBe8RRUwsI",
          "checksum": "600028f6fb50e789de2902a5f76680fd"
        },
        {
          "type": "image",
          "assetId": "y5K9O641QFzt",
          "checksum": "8c1978226e282f942f8b73895b3af94c"
        },
        {
          "type": "image",
          "assetId": "BumcZJ9PTeK8",
          "checksum": "64d2150023d132d92335fbeaf8d16d49"
        },
        {
          "type": "image",
          "assetId": "mf_xfdgnhQY6",
          "checksum": "75cd90a79a5f1ae313b0ff22f308e6e7"
        },
        {
          "type": "image",
          "assetId": "Jc4dQ78yCI_4",
          "checksum": "e909548de88d8604cd8e388cfa547081"
        },
        {
          "type": "image",
          "assetId": "_FRl_9y2-iAd",
          "checksum": "a9fdebabdf2635a27b74c36db7d51bb8"
        },
        {
          "type": "image",
          "assetId": "zVY_Y8x9VYaz",
          "checksum": "69d6df141f243a54e7a0de2831c37a2a"
        },
        {
          "type": "image",
          "assetId": "2jUwII9OJQGK",
          "checksum": "f518578b228e3faf31f8a3726c3daa9c"
        },
        {
          "type": "image",
          "assetId": "l8PGSLfrYljx",
          "checksum": "81aaf9ebfdfaac1b1e16c0551cc30967"
        },
        {
          "type": "image",
          "assetId": "rofDSzQQNGDp",
          "checksum": "87b25375c50402446c473160eb7aaf69"
        },
        {
          "type": "image",
          "assetId": "eReZY7KD5Te1",
          "checksum": "5aa4159d58d79cbedfc7b02ede94bd00"
        },
        {
          "type": "image",
          "assetId": "s-mh9Nnyw62s",
          "checksum": "4f976ae8f010f0aa39d2a41f2702b88e"
        },
        {
          "type": "image",
          "assetId": "akB9NecUQ13l",
          "checksum": "a677e9e04379c2689e53b26718eae5ad"
        },
        {
          "type": "image",
          "assetId": "36wj05us2jlZ",
          "checksum": "8a73decc6e1f0a81670a60aa8a07a57f"
        },
        {
          "type": "image",
          "assetId": "ZdsKAVBi4yJw",
          "checksum": "864e07209115eb265683cd9fcc4963cc"
        },
        {
          "type": "image",
          "assetId": "e0oV1W3KnpQB",
          "checksum": "9b3a84103bbe999cd3b3228b62f8869d"
        },
        {
          "type": "image",
          "assetId": "AlLSBE8_AUar",
          "checksum": "e18eeeab9d25a55bf089870725081aa2"
        },
        {
          "type": "image",
          "assetId": "beqe_ff5l1wj",
          "checksum": "6c7a3ef4bd2207e11c93a9bbab5c12f7"
        },
        {
          "type": "image",
          "assetId": "QXE58NZZrJEO",
          "checksum": "66f0a358e7973479c62d225ac358c5f7"
        },
        {
          "type": "image",
          "assetId": "yFAShwwfir1U",
          "checksum": "a9a9e7cc71ec4d654756d4469e985408"
        },
        {
          "type": "image",
          "assetId": "BEqQV5mVzYi0",
          "checksum": "f8dbdc3d96c6bab79b10b1853adfc894"
        },
        {
          "type": "image",
          "assetId": "ywsn4Dwv2Wqs",
          "checksum": "a9341c33084e1030af7a234fabcb0e31"
        },
        {
          "type": "image",
          "assetId": "aRp4kTN5M0z1",
          "checksum": "11f64e29f124eaf7aa8f413dfdfe9b2a"
        },
        {
          "type": "image",
          "assetId": "hVv0tuCYdynb",
          "checksum": "1715ce5abe1267647ffeba38211d5d40"
        },
        {
          "type": "image",
          "assetId": "9cQf2DiD4YUZ",
          "checksum": "8e3c3d148e5845266f0d3a64f1006e28"
        },
        {
          "type": "image",
          "assetId": "FV31llBY50tp",
          "checksum": "2bc7058f7b01544f0520f7c3c7040cba"
        },
        {
          "type": "image",
          "assetId": "FuW6Z14W6VyX",
          "checksum": "9327ff22166e3ffbdbdeb2fd8ab3d225"
        },
        {
          "type": "renderModule",
          "assetId": "7IZkslRD14gG",
          "checksum": "3deed7ee0166726a5c37d8f463ff9c0b"
        },
        {
          "type": "cssRules",
          "assetId": "7IZkslRD14gG",
          "checksum": "3deed7ee0166726a5c37d8f463ff9c0b"
        },
        {
          "type": "image",
          "assetId": "upAPFNQSMXho",
          "checksum": "35d536695d6aff605109191cd2a3cdea"
        },
        {
          "type": "image",
          "assetId": "689EFZN2jNI_",
          "checksum": "bf7a4358f047c74187148fb458c9e5f2"
        },
        {
          "type": "image",
          "assetId": "VlozFfeAHKNo",
          "checksum": "13f7728a0eb8c3ba1497b30c5966a283"
        },
        {
          "type": "image",
          "assetId": "vdA5yLODs9wz",
          "checksum": "cea31876b13c3e3382170a654c868974"
        },
        {
          "type": "image",
          "assetId": "6PgTE4G-efTg",
          "checksum": "e13791186b02e7f183abe25a6c480e30"
        },
        {
          "type": "image",
          "assetId": "_3z1dY7rFAFK",
          "checksum": "9a6f332bb6180c49f0d53f21a4b427b4"
        },
        {
          "assetId": "hvnx4UaRLT5bKWhR7H1S1X",
          "type": "projectCss",
          "checksum": "9fc99b5358276f2fb339aa4335c9bf8b"
        }
      ],
      "codegenVersion": "0.0.1"
    }
  ],
  "cliVersion": "0.1.335"
}
